
Microsoft Visual Studio Solution File, Format Version 12.00
# Visual Studio Version 17
VisualStudioVersion = 17.13.35931.197 d17.13
MinimumVisualStudioVersion = 10.0.40219.1
Project("{FAE04EC0-301F-11D3-BF4B-00C04F79EFBC}") = "Senac.GerenciamentoVeiculo.Api", "Senac.GerenciamentoVeiculo.Api\Senac.GerenciamentoVeiculo.Api.csproj", "{5E226662-151E-42E5-8F61-78ABCE6C351D}"
EndProject
Project("{FAE04EC0-301F-11D3-BF4B-00C04F79EFBC}") = "Senac.GerenciamentoVeiculo.Domain", "Senac.GerenciamentoVeiculo.Domain\Senac.GerenciamentoVeiculo.Domain.csproj", "{CC3E1D20-A5D0-4EF3-BB9F-85D98442C961}"
EndProject
Project("{FAE04EC0-301F-11D3-BF4B-00C04F79EFBC}") = "Senac.GerenciamentoVeiculo.Infra.Data", "Senac.GerenciamentoVeiculo.Infra.Data\Senac.GerenciamentoVeiculo.Infra.Data.csproj", "{EA9F3FA6-400C-4087-BBEA-87D6F59E4422}"
EndProject
Global
	GlobalSection(SolutionConfigurationPlatforms) = preSolution
		Debug|Any CPU = Debug|Any CPU
		Release|Any CPU = Release|Any CPU
	EndGlobalSection
	GlobalSection(ProjectConfigurationPlatforms) = postSolution
		{5E226662-151E-42E5-8F61-78ABCE6C351D}.Debug|Any CPU.ActiveCfg = Debug|Any CPU
		{5E226662-151E-42E5-8F61-78ABCE6C351D}.Debug|Any CPU.Build.0 = Debug|Any CPU
		{5E226662-151E-42E5-8F61-78ABCE6C351D}.Release|Any CPU.ActiveCfg = Release|Any CPU
		{5E226662-151E-42E5-8F61-78ABCE6C351D}.Release|Any CPU.Build.0 = Release|Any CPU
		{CC3E1D20-A5D0-4EF3-BB9F-85D98442C961}.Debug|Any CPU.ActiveCfg = Debug|Any CPU
		{CC3E1D20-A5D0-4EF3-BB9F-85D98442C961}.Debug|Any CPU.Build.0 = Debug|Any CPU
		{CC3E1D20-A5D0-4EF3-BB9F-85D98442C961}.Release|Any CPU.ActiveCfg = Release|Any CPU
		{CC3E1D20-A5D0-4EF3-BB9F-85D98442C961}.Release|Any CPU.Build.0 = Release|Any CPU
		{EA9F3FA6-400C-4087-BBEA-87D6F59E4422}.Debug|Any CPU.ActiveCfg = Debug|Any CPU
		{EA9F3FA6-400C-4087-BBEA-87D6F59E4422}.Debug|Any CPU.Build.0 = Debug|Any CPU
		{EA9F3FA6-400C-4087-BBEA-87D6F59E4422}.Release|Any CPU.ActiveCfg = Release|Any CPU
		{EA9F3FA6-400C-4087-BBEA-87D6F59E4422}.Release|Any CPU.Build.0 = Release|Any CPU
	EndGlobalSection
	GlobalSection(SolutionProperties) = preSolution
		HideSolutionNode = FALSE
	EndGlobalSection
	GlobalSection(ExtensibilityGlobals) = postSolution
		SolutionGuid = {8683B9CC-E2BC-4B95-BEA2-4032AC227577}
	EndGlobalSection
EndGlobal
